
Microsoft Visual Studio Solution File, Format Version 12.00
# Visual Studio 2013
VisualStudioVersion = 12.0.21005.1
MinimumVisualStudioVersion = 10.0.40219.1
Project("{159641D6-6404-4A2A-AE62-294DE0FE8301}") = "Chapter 02", "Chapter 02\Chapter 02.dtproj", "{6CB7CC17-F5E5-40B5-9A5C-7EAEACDA57DB}"
EndProject
Global
	GlobalSection(SolutionConfigurationPlatforms) = preSolution
		Development|Default = Development|Default
	EndGlobalSection
	GlobalSection(ProjectConfigurationPlatforms) = postSolution
		{6CB7CC17-F5E5-40B5-9A5C-7EAEACDA57DB}.Development|Default.ActiveCfg = Development
		{6CB7CC17-F5E5-40B5-9A5C-7EAEACDA57DB}.Development|Default.Build.0 = Development
	EndGlobalSection
	GlobalSection(SolutionProperties) = preSolution
		HideSolutionNode = FALSE
	EndGlobalSection
EndGlobal
