
Microsoft Visual Studio Solution File, Format Version 12.00
# Visual Studio 15
VisualStudioVersion = 15.0.26403.7
MinimumVisualStudioVersion = 10.0.40219.1
Project("{FAE04EC0-301F-11D3-BF4B-00C04F79EFBC}") = "Format.Code.CS", "Format.Code.CS.csproj", "{4BFED188-9DB0-4DBD-9888-848F7A489912}"
EndProject
Project("{F184B08F-C81C-45F6-A57F-5ABD9991F28F}") = "Format.Code.VB", "..\Format.Code.VB\Format.Code.VB.vbproj", "{DE662366-A099-45E9-8186-BA2270B4C9DB}"
EndProject
Global
	GlobalSection(SolutionConfigurationPlatforms) = preSolution
		Debug|Any CPU = Debug|Any CPU
		Release|Any CPU = Release|Any CPU
	EndGlobalSection
	GlobalSection(ProjectConfigurationPlatforms) = postSolution
		{4BFED188-9DB0-4DBD-9888-848F7A489912}.Debug|Any CPU.ActiveCfg = Debug|Any CPU
		{4BFED188-9DB0-4DBD-9888-848F7A489912}.Debug|Any CPU.Build.0 = Debug|Any CPU
		{4BFED188-9DB0-4DBD-9888-848F7A489912}.Release|Any CPU.ActiveCfg = Release|Any CPU
		{4BFED188-9DB0-4DBD-9888-848F7A489912}.Release|Any CPU.Build.0 = Release|Any CPU
		{DE662366-A099-45E9-8186-BA2270B4C9DB}.Debug|Any CPU.ActiveCfg = Debug|Any CPU
		{DE662366-A099-45E9-8186-BA2270B4C9DB}.Debug|Any CPU.Build.0 = Debug|Any CPU
		{DE662366-A099-45E9-8186-BA2270B4C9DB}.Release|Any CPU.ActiveCfg = Release|Any CPU
		{DE662366-A099-45E9-8186-BA2270B4C9DB}.Release|Any CPU.Build.0 = Release|Any CPU
	EndGlobalSection
	GlobalSection(SolutionProperties) = preSolution
		HideSolutionNode = FALSE
	EndGlobalSection
EndGlobal
