
Microsoft Visual Studio Solution File, Format Version 12.00
# Visual Studio 14
VisualStudioVersion = 14.0.25420.1
MinimumVisualStudioVersion = 10.0.40219.1
Project("{159641D6-6404-4A2A-AE62-294DE0FE8301}") = "BimlBookChapter8", "BimlBookChapter8\BimlBookChapter8.dtproj", "{C8E0D4A7-1440-4EB1-909C-42131926D342}"
EndProject
Global
	GlobalSection(SolutionConfigurationPlatforms) = preSolution
		Development|Default = Development|Default
	EndGlobalSection
	GlobalSection(ProjectConfigurationPlatforms) = postSolution
		{C8E0D4A7-1440-4EB1-909C-42131926D342}.Development|Default.ActiveCfg = Development
		{C8E0D4A7-1440-4EB1-909C-42131926D342}.Development|Default.Build.0 = Development
	EndGlobalSection
	GlobalSection(SolutionProperties) = preSolution
		HideSolutionNode = FALSE
	EndGlobalSection
EndGlobal
